
Microsoft Visual Studio Solution File, Format Version 12.00
# Visual Studio Version 17
VisualStudioVersion = 17.0.31903.59
MinimumVisualStudioVersion = 10.0.40219.1
Project("{FAE04EC0-301F-11D3-BF4B-00C04F79EFBC}") = "Todo.Presentation.API", "Todo.Presentation.API\Todo.Presentation.API.csproj", "{03A361B1-F86D-4F64-893D-F56E475281A3}"
EndProject
Project("{FAE04EC0-301F-11D3-BF4B-00C04F79EFBC}") = "Todo.Domain", "Todo.Domain\Todo.Domain.csproj", "{C5E4ABB4-D8C9-43B9-A6B3-3CA25A4D2B93}"
EndProject
Project("{FAE04EC0-301F-11D3-BF4B-00C04F79EFBC}") = "Todo.Application", "Todo.Application\Todo.Application.csproj", "{CC77699C-0517-450C-9B31-B26887A4C0F6}"
EndProject
Project("{FAE04EC0-301F-11D3-BF4B-00C04F79EFBC}") = "Todo.Infrastructure", "Todo.Infrastructure\Todo.Infrastructure.csproj", "{920CE8C9-BBF0-4057-8330-E5ADEDCD0F7C}"
EndProject
Project("{2150E333-8FDC-42A3-9474-1A3956D46DE8}") = "TodoApp.Tests", "TodoApp.Tests", "{94A2CEBC-7F95-4520-9497-05336E1DF235}"
EndProject
Project("{FAE04EC0-301F-11D3-BF4B-00C04F79EFBC}") = "Todo.Application.Test", "TodoApp.Tests\Todo.Application.Test\Todo.Application.Test.csproj", "{7A2AB0FD-DCFE-4099-8694-708D008230B3}"
EndProject
Project("{FAE04EC0-301F-11D3-BF4B-00C04F79EFBC}") = "Todo.Presentation.API.Test", "TodoApp.Tests\Todo.Presentation.API.Test\Todo.Presentation.API.Test.csproj", "{09570C81-5E3A-4FD4-B77E-BD0D4595C338}"
EndProject
Project("{FAE04EC0-301F-11D3-BF4B-00C04F79EFBC}") = "Todo.Infrastructure.Test", "TodoApp.Tests\Todo.Infrastructure.Test\Todo.Infrastructure.Test.csproj", "{BFE5D344-B905-494A-9E4A-A95D49910F73}"
EndProject
Global
	GlobalSection(SolutionConfigurationPlatforms) = preSolution
		Debug|Any CPU = Debug|Any CPU
		Release|Any CPU = Release|Any CPU
	EndGlobalSection
	GlobalSection(ProjectConfigurationPlatforms) = postSolution
		{03A361B1-F86D-4F64-893D-F56E475281A3}.Debug|Any CPU.ActiveCfg = Debug|Any CPU
		{03A361B1-F86D-4F64-893D-F56E475281A3}.Debug|Any CPU.Build.0 = Debug|Any CPU
		{03A361B1-F86D-4F64-893D-F56E475281A3}.Release|Any CPU.ActiveCfg = Release|Any CPU
		{03A361B1-F86D-4F64-893D-F56E475281A3}.Release|Any CPU.Build.0 = Release|Any CPU
		{C5E4ABB4-D8C9-43B9-A6B3-3CA25A4D2B93}.Debug|Any CPU.ActiveCfg = Debug|Any CPU
		{C5E4ABB4-D8C9-43B9-A6B3-3CA25A4D2B93}.Debug|Any CPU.Build.0 = Debug|Any CPU
		{C5E4ABB4-D8C9-43B9-A6B3-3CA25A4D2B93}.Release|Any CPU.ActiveCfg = Release|Any CPU
		{C5E4ABB4-D8C9-43B9-A6B3-3CA25A4D2B93}.Release|Any CPU.Build.0 = Release|Any CPU
		{CC77699C-0517-450C-9B31-B26887A4C0F6}.Debug|Any CPU.ActiveCfg = Debug|Any CPU
		{CC77699C-0517-450C-9B31-B26887A4C0F6}.Debug|Any CPU.Build.0 = Debug|Any CPU
		{CC77699C-0517-450C-9B31-B26887A4C0F6}.Release|Any CPU.ActiveCfg = Release|Any CPU
		{CC77699C-0517-450C-9B31-B26887A4C0F6}.Release|Any CPU.Build.0 = Release|Any CPU
		{920CE8C9-BBF0-4057-8330-E5ADEDCD0F7C}.Debug|Any CPU.ActiveCfg = Debug|Any CPU
		{920CE8C9-BBF0-4057-8330-E5ADEDCD0F7C}.Debug|Any CPU.Build.0 = Debug|Any CPU
		{920CE8C9-BBF0-4057-8330-E5ADEDCD0F7C}.Release|Any CPU.ActiveCfg = Release|Any CPU
		{920CE8C9-BBF0-4057-8330-E5ADEDCD0F7C}.Release|Any CPU.Build.0 = Release|Any CPU
		{7A2AB0FD-DCFE-4099-8694-708D008230B3}.Debug|Any CPU.ActiveCfg = Debug|Any CPU
		{7A2AB0FD-DCFE-4099-8694-708D008230B3}.Debug|Any CPU.Build.0 = Debug|Any CPU
		{7A2AB0FD-DCFE-4099-8694-708D008230B3}.Release|Any CPU.ActiveCfg = Release|Any CPU
		{7A2AB0FD-DCFE-4099-8694-708D008230B3}.Release|Any CPU.Build.0 = Release|Any CPU
		{09570C81-5E3A-4FD4-B77E-BD0D4595C338}.Debug|Any CPU.ActiveCfg = Debug|Any CPU
		{09570C81-5E3A-4FD4-B77E-BD0D4595C338}.Debug|Any CPU.Build.0 = Debug|Any CPU
		{09570C81-5E3A-4FD4-B77E-BD0D4595C338}.Release|Any CPU.ActiveCfg = Release|Any CPU
		{09570C81-5E3A-4FD4-B77E-BD0D4595C338}.Release|Any CPU.Build.0 = Release|Any CPU
		{BFE5D344-B905-494A-9E4A-A95D49910F73}.Debug|Any CPU.ActiveCfg = Debug|Any CPU
		{BFE5D344-B905-494A-9E4A-A95D49910F73}.Debug|Any CPU.Build.0 = Debug|Any CPU
		{BFE5D344-B905-494A-9E4A-A95D49910F73}.Release|Any CPU.ActiveCfg = Release|Any CPU
		{BFE5D344-B905-494A-9E4A-A95D49910F73}.Release|Any CPU.Build.0 = Release|Any CPU
	EndGlobalSection
	GlobalSection(SolutionProperties) = preSolution
		HideSolutionNode = FALSE
	EndGlobalSection
	GlobalSection(NestedProjects) = preSolution
		{7A2AB0FD-DCFE-4099-8694-708D008230B3} = {94A2CEBC-7F95-4520-9497-05336E1DF235}
		{09570C81-5E3A-4FD4-B77E-BD0D4595C338} = {94A2CEBC-7F95-4520-9497-05336E1DF235}
		{BFE5D344-B905-494A-9E4A-A95D49910F73} = {94A2CEBC-7F95-4520-9497-05336E1DF235}
	EndGlobalSection
EndGlobal
